dependencies:
  '@telecraft/types': 0.4.1
  '@types/node': 14.0.14
devDependencies:
  tslib: 2.0.0
  typescript: 3.9.5
lockfileVersion: 5.1
packages:
  /@telecraft/types/0.4.1:
    dependencies:
      '@types/node': 14.6.4
    dev: false
    resolution:
      integrity: sha512-dA/Y0rB+D/7LDnuJpQc0XxvAOKP3dJnJNVjUZoDHit9ZTJqlF7zbwYTvWuPrw02eoZbz/FieS2mbOEBI8VurJA==
  /@types/node/14.0.14:
    resolution:
      integrity: sha512-syUgf67ZQpaJj01/tRTknkMNoBBLWJOBODF0Zm4NrXmiSuxjymFrxnTu1QVYRubhVkRcZLYZG8STTwJRdVm/WQ==
  /@types/node/14.6.4:
    dev: false
    resolution:
      integrity: sha512-Wk7nG1JSaMfMpoMJDKUsWYugliB2Vy55pdjLpmLixeyMi7HizW2I/9QoxsPCkXl3dO+ZOVqPumKaDUv5zJu2uQ==
  /tslib/2.0.0:
    dev: true
    resolution:
      integrity: sha512-lTqkx847PI7xEDYJntxZH89L2/aXInsyF2luSafe/+0fHOMjlBNXdH6th7f70qxLDhul7KZK0zC8V5ZIyHl0/g==
  /typescript/3.9.5:
    dev: true
    engines:
      node: '>=4.2.0'
    hasBin: true
    resolution:
      integrity: sha512-hSAifV3k+i6lEoCJ2k6R2Z/rp/H3+8sdmcn5NrS3/3kE7+RyZXm9aqvxWqjEXHAd8b0pShatpcdMTvEdvAJltQ==
specifiers:
  '@telecraft/types': ^0.4.1
  '@types/node': ^14.0.14
  tslib: ^2.0.0
  typescript: ^3.9.5
